
Microsoft Visual Studio Solution File, Format Version 12.00
# Visual Studio Version 16
VisualStudioVersion = 16.0.29102.190
MinimumVisualStudioVersion = 10.0.40219.1
Project("{9A19103F-16F7-4668-BE54-9A1E7A4F7556}") = "ChuangLan", "src\ChuangLan\ChuangLan.csproj", "{007AC0CC-AC00-4F72-9E71-7F80599E52A7}"
EndProject
Project("{2150E333-8FDC-42A3-9474-1A3956D46DE8}") = "src", "src", "{E82E399C-C4F3-4564-9BE7-E54F13792E62}"
EndProject
Project("{2150E333-8FDC-42A3-9474-1A3956D46DE8}") = "test", "test", "{7D2B0569-6826-4222-A88F-964F52543C12}"
EndProject
Project("{FAE04EC0-301F-11D3-BF4B-00C04F79EFBC}") = "ChuangLan.Test", "test\ChuangLan.Test\ChuangLan.Test.csproj", "{C4587753-2ABD-4E71-8B38-F1D6C8244CE2}"
EndProject
Global
	GlobalSection(SolutionConfigurationPlatforms) = preSolution
		Debug|Any CPU = Debug|Any CPU
		Release|Any CPU = Release|Any CPU
	EndGlobalSection
	GlobalSection(ProjectConfigurationPlatforms) = postSolution
		{007AC0CC-AC00-4F72-9E71-7F80599E52A7}.Debug|Any CPU.ActiveCfg = Debug|Any CPU
		{007AC0CC-AC00-4F72-9E71-7F80599E52A7}.Debug|Any CPU.Build.0 = Debug|Any CPU
		{007AC0CC-AC00-4F72-9E71-7F80599E52A7}.Release|Any CPU.ActiveCfg = Release|Any CPU
		{007AC0CC-AC00-4F72-9E71-7F80599E52A7}.Release|Any CPU.Build.0 = Release|Any CPU
		{C4587753-2ABD-4E71-8B38-F1D6C8244CE2}.Debug|Any CPU.ActiveCfg = Debug|Any CPU
		{C4587753-2ABD-4E71-8B38-F1D6C8244CE2}.Debug|Any CPU.Build.0 = Debug|Any CPU
		{C4587753-2ABD-4E71-8B38-F1D6C8244CE2}.Release|Any CPU.ActiveCfg = Release|Any CPU
		{C4587753-2ABD-4E71-8B38-F1D6C8244CE2}.Release|Any CPU.Build.0 = Release|Any CPU
	EndGlobalSection
	GlobalSection(SolutionProperties) = preSolution
		HideSolutionNode = FALSE
	EndGlobalSection
	GlobalSection(NestedProjects) = preSolution
		{007AC0CC-AC00-4F72-9E71-7F80599E52A7} = {E82E399C-C4F3-4564-9BE7-E54F13792E62}
		{C4587753-2ABD-4E71-8B38-F1D6C8244CE2} = {7D2B0569-6826-4222-A88F-964F52543C12}
	EndGlobalSection
	GlobalSection(ExtensibilityGlobals) = postSolution
		SolutionGuid = {B814AADF-C8CC-4847-B02B-75FA39CA45B1}
	EndGlobalSection
EndGlobal
